
Microsoft Visual Studio Solution File, Format Version 12.00
# Visual Studio 15
VisualStudioVersion = 15.0.28307.168
MinimumVisualStudioVersion = 10.0.40219.1
Project("{FAE04EC0-301F-11D3-BF4B-00C04F79EFBC}") = "genericccs", "genericccs\genericccs.csproj", "{1B77709B-BBA2-49B9-B8CD-77D76AF5C62C}"
EndProject
Project("{FAE04EC0-301F-11D3-BF4B-00C04F79EFBC}") = "SecretAgent", "SecretAgent\SecretAgent.csproj", "{22B21A99-C1BC-4628-8FAA-19BB83BBC639}"
EndProject
Global
	GlobalSection(SolutionConfigurationPlatforms) = preSolution
		Debug|Any CPU = Debug|Any CPU
		Release|Any CPU = Release|Any CPU
	EndGlobalSection
	GlobalSection(ProjectConfigurationPlatforms) = postSolution
		{1B77709B-BBA2-49B9-B8CD-77D76AF5C62C}.Debug|Any CPU.ActiveCfg = Debug|Any CPU
		{1B77709B-BBA2-49B9-B8CD-77D76AF5C62C}.Debug|Any CPU.Build.0 = Debug|Any CPU
		{1B77709B-BBA2-49B9-B8CD-77D76AF5C62C}.Release|Any CPU.ActiveCfg = Release|Any CPU
		{1B77709B-BBA2-49B9-B8CD-77D76AF5C62C}.Release|Any CPU.Build.0 = Release|Any CPU
		{22B21A99-C1BC-4628-8FAA-19BB83BBC639}.Debug|Any CPU.ActiveCfg = Debug|Any CPU
		{22B21A99-C1BC-4628-8FAA-19BB83BBC639}.Debug|Any CPU.Build.0 = Debug|Any CPU
		{22B21A99-C1BC-4628-8FAA-19BB83BBC639}.Release|Any CPU.ActiveCfg = Release|Any CPU
		{22B21A99-C1BC-4628-8FAA-19BB83BBC639}.Release|Any CPU.Build.0 = Release|Any CPU
	EndGlobalSection
	GlobalSection(SolutionProperties) = preSolution
		HideSolutionNode = FALSE
	EndGlobalSection
	GlobalSection(ExtensibilityGlobals) = postSolution
		SolutionGuid = {208E6731-1DEE-44C4-9A54-D39886DFBC34}
	EndGlobalSection
EndGlobal
